
Microsoft Visual Studio Solution File, Format Version 12.00
Project("{2150E333-8FDC-42A3-9474-1A3956D46DE8}") = "src", "src", "{42BEE09D-3FB0-4B20-A589-58E103B6BD28}"
EndProject
Project("{2150E333-8FDC-42A3-9474-1A3956D46DE8}") = "Core", "Core", "{9DE9A7F4-29B3-4997-9E1A-AED34653730C}"
EndProject
Project("{2150E333-8FDC-42A3-9474-1A3956D46DE8}") = "Infrastructure", "Infrastructure", "{87DFE42E-A9BF-4574-ACBD-30D3A970E5D9}"
EndProject
Project("{2150E333-8FDC-42A3-9474-1A3956D46DE8}") = "Presentation", "Presentation", "{0CAFBF4E-2B4D-4E61-A462-FC584D336A5D}"
EndProject
Project("{FAE04EC0-301F-11D3-BF4B-00C04F79EFBC}") = "TicketFlow.WebApi", "src\Presentation\TicketFlow.WebApi\TicketFlow.WebApi.csproj", "{11371DBE-AC7A-45F1-A0A0-E19FD61CA9DF}"
EndProject
Project("{FAE04EC0-301F-11D3-BF4B-00C04F79EFBC}") = "TicketFlow.Persistence", "src\Infrastructure\TicketFlow.Persistence\TicketFlow.Persistence.csproj", "{3AFC8D50-CE4E-4393-B131-5366D10A1085}"
EndProject
Project("{FAE04EC0-301F-11D3-BF4B-00C04F79EFBC}") = "TicketFlow.Domain", "src\Core\TicketFlow.Domain\TicketFlow.Domain.csproj", "{6BDCDFAE-FA85-4C18-B463-C062F5F6C30A}"
EndProject
Project("{FAE04EC0-301F-11D3-BF4B-00C04F79EFBC}") = "TicketFlow.Application", "src\Core\TicketFlow.Application\TicketFlow.Application.csproj", "{5D1B9F3F-7C56-4EFE-AF06-8CF1DEC3DD54}"
EndProject
Project("{2150E333-8FDC-42A3-9474-1A3956D46DE8}") = "tests", "tests", "{A0A8FC20-DE5D-48A3-B66F-3D9754845551}"
EndProject
Project("{FAE04EC0-301F-11D3-BF4B-00C04F79EFBC}") = "TicketFlow.Infrastructure.Shared", "src\Infrastructure\TicketFlow.Infrastructure.Shared\TicketFlow.Infrastructure.Shared.csproj", "{C72B6AF6-69A3-4895-A1AD-D288F183B8BF}"
EndProject
Project("{FAE04EC0-301F-11D3-BF4B-00C04F79EFBC}") = "TicketFlow.Persistence.UnitTests", "tests\TicketFlow.Persistence.UnitTests\TicketFlow.Persistence.UnitTests.csproj", "{8BEFB46E-12E5-4326-A349-0FA467618E2C}"
EndProject
Global
	GlobalSection(SolutionConfigurationPlatforms) = preSolution
		Debug|Any CPU = Debug|Any CPU
		Release|Any CPU = Release|Any CPU
	EndGlobalSection
	GlobalSection(NestedProjects) = preSolution
		{9DE9A7F4-29B3-4997-9E1A-AED34653730C} = {42BEE09D-3FB0-4B20-A589-58E103B6BD28}
		{87DFE42E-A9BF-4574-ACBD-30D3A970E5D9} = {42BEE09D-3FB0-4B20-A589-58E103B6BD28}
		{0CAFBF4E-2B4D-4E61-A462-FC584D336A5D} = {42BEE09D-3FB0-4B20-A589-58E103B6BD28}
		{11371DBE-AC7A-45F1-A0A0-E19FD61CA9DF} = {0CAFBF4E-2B4D-4E61-A462-FC584D336A5D}
		{3AFC8D50-CE4E-4393-B131-5366D10A1085} = {87DFE42E-A9BF-4574-ACBD-30D3A970E5D9}
		{6BDCDFAE-FA85-4C18-B463-C062F5F6C30A} = {9DE9A7F4-29B3-4997-9E1A-AED34653730C}
		{5D1B9F3F-7C56-4EFE-AF06-8CF1DEC3DD54} = {9DE9A7F4-29B3-4997-9E1A-AED34653730C}
		{C72B6AF6-69A3-4895-A1AD-D288F183B8BF} = {87DFE42E-A9BF-4574-ACBD-30D3A970E5D9}
		{8BEFB46E-12E5-4326-A349-0FA467618E2C} = {A0A8FC20-DE5D-48A3-B66F-3D9754845551}
	EndGlobalSection
	GlobalSection(ProjectConfigurationPlatforms) = postSolution
		{11371DBE-AC7A-45F1-A0A0-E19FD61CA9DF}.Debug|Any CPU.ActiveCfg = Debug|Any CPU
		{11371DBE-AC7A-45F1-A0A0-E19FD61CA9DF}.Debug|Any CPU.Build.0 = Debug|Any CPU
		{11371DBE-AC7A-45F1-A0A0-E19FD61CA9DF}.Release|Any CPU.ActiveCfg = Release|Any CPU
		{11371DBE-AC7A-45F1-A0A0-E19FD61CA9DF}.Release|Any CPU.Build.0 = Release|Any CPU
		{3AFC8D50-CE4E-4393-B131-5366D10A1085}.Debug|Any CPU.ActiveCfg = Debug|Any CPU
		{3AFC8D50-CE4E-4393-B131-5366D10A1085}.Debug|Any CPU.Build.0 = Debug|Any CPU
		{3AFC8D50-CE4E-4393-B131-5366D10A1085}.Release|Any CPU.ActiveCfg = Release|Any CPU
		{3AFC8D50-CE4E-4393-B131-5366D10A1085}.Release|Any CPU.Build.0 = Release|Any CPU
		{6BDCDFAE-FA85-4C18-B463-C062F5F6C30A}.Debug|Any CPU.ActiveCfg = Debug|Any CPU
		{6BDCDFAE-FA85-4C18-B463-C062F5F6C30A}.Debug|Any CPU.Build.0 = Debug|Any CPU
		{6BDCDFAE-FA85-4C18-B463-C062F5F6C30A}.Release|Any CPU.ActiveCfg = Release|Any CPU
		{6BDCDFAE-FA85-4C18-B463-C062F5F6C30A}.Release|Any CPU.Build.0 = Release|Any CPU
		{5D1B9F3F-7C56-4EFE-AF06-8CF1DEC3DD54}.Debug|Any CPU.ActiveCfg = Debug|Any CPU
		{5D1B9F3F-7C56-4EFE-AF06-8CF1DEC3DD54}.Debug|Any CPU.Build.0 = Debug|Any CPU
		{5D1B9F3F-7C56-4EFE-AF06-8CF1DEC3DD54}.Release|Any CPU.ActiveCfg = Release|Any CPU
		{5D1B9F3F-7C56-4EFE-AF06-8CF1DEC3DD54}.Release|Any CPU.Build.0 = Release|Any CPU
		{C72B6AF6-69A3-4895-A1AD-D288F183B8BF}.Debug|Any CPU.ActiveCfg = Debug|Any CPU
		{C72B6AF6-69A3-4895-A1AD-D288F183B8BF}.Debug|Any CPU.Build.0 = Debug|Any CPU
		{C72B6AF6-69A3-4895-A1AD-D288F183B8BF}.Release|Any CPU.ActiveCfg = Release|Any CPU
		{C72B6AF6-69A3-4895-A1AD-D288F183B8BF}.Release|Any CPU.Build.0 = Release|Any CPU
		{8BEFB46E-12E5-4326-A349-0FA467618E2C}.Debug|Any CPU.ActiveCfg = Debug|Any CPU
		{8BEFB46E-12E5-4326-A349-0FA467618E2C}.Debug|Any CPU.Build.0 = Debug|Any CPU
		{8BEFB46E-12E5-4326-A349-0FA467618E2C}.Release|Any CPU.ActiveCfg = Release|Any CPU
		{8BEFB46E-12E5-4326-A349-0FA467618E2C}.Release|Any CPU.Build.0 = Release|Any CPU
	EndGlobalSection
EndGlobal
